{
  "pins" : [
    {
      "identity" : "skip",
      "kind" : "remoteSourceControl",
      "location" : "https://github.com/skiptools/skip.git",
      "state" : {
        "revision" : "ec705c2b5edb1ab4de4554b1a35663bc238cabc7",
        "version" : "1.9.10"
      }
    },
    {
      "identity" : "skip-foundation",
      "kind" : "remoteSourceControl",
      "location" : "https://github.com/skiptools/skip-foundation.git",
      "state" : {
        "revision" : "52a6fb0281df0d1e20e20108f87c67644833f5ba",
        "version" : "1.4.5"
      }
    },
    {
      "identity" : "skip-lib",
      "kind" : "remoteSourceControl",
      "location" : "https://github.com/skiptools/skip-lib.git",
      "state" : {
        "revision" : "c48b83bfb4eec38b0d68440dd5e65d64b467870d",
        "version" : "1.4.2"
      }
    },
    {
      "identity" : "skip-model",
      "kind" : "remoteSourceControl",
      "location" : "https://github.com/skiptools/skip-model.git",
      "state" : {
        "revision" : "3de7c8315f35035a905225b9057d4272772aa0ef",
        "version" : "1.8.0"
      }
    },
    {
      "identity" : "skip-ui",
      "kind" : "remoteSourceControl",
      "location" : "https://github.com/skiptools/skip-ui.git",
      "state" : {
        "revision" : "512a6bb0f7ef38546f7ce5854b7a4b4e330f53bf",
        "version" : "1.59.4"
      }
    },
    {
      "identity" : "skip-unit",
      "kind" : "remoteSourceControl",
      "location" : "https://github.com/skiptools/skip-unit.git",
      "state" : {
        "revision" : "fc58e058f3d25675e047a758281c39dba5d52570",
        "version" : "1.7.2"
      }
    }
  ],
  "version" : 2
}
